
Microsoft Visual Studio Solution File, Format Version 12.00
# Visual Studio Version 16
VisualStudioVersion = 16.0.30413.136
MinimumVisualStudioVersion = 10.0.40219.1
Project("{2150E333-8FDC-42A3-9474-1A3956D46DE8}") = "01 - Testes de Unidade", "01 - Testes de Unidade", "{4BBCA9D9-58E2-4D03-90FB-1DE50ADE088F}"
EndProject
Project("{2150E333-8FDC-42A3-9474-1A3956D46DE8}") = "1.1 - Testes Basicos", "1.1 - Testes Basicos", "{0B1ED3D3-2578-4AD8-8B1D-8B796DCC81A5}"
EndProject
Project("{9A19103F-16F7-4668-BE54-9A1E7A4F7556}") = "Demo", "01 - Testes de Unidade\Demo\Demo.csproj", "{C316D31E-B7E5-436A-AAD8-7A8D6E83B17B}"
EndProject
Project("{9A19103F-16F7-4668-BE54-9A1E7A4F7556}") = "Demo.Tests", "01 - Testes de Unidade\Demo.Tests\Demo.Tests.csproj", "{86A10DF9-1730-4B6E-B696-F086A4AE2543}"
EndProject
Project("{2150E333-8FDC-42A3-9474-1A3956D46DE8}") = "2.2 - Features", "2.2 - Features", "{CD9C592B-DA56-42D4-9C54-1A4681A038ED}"
EndProject
Project("{9A19103F-16F7-4668-BE54-9A1E7A4F7556}") = "Features", "01 - Testes de Unidade\Features\Features.csproj", "{A7F7714D-C391-40EF-9350-DFFF1C61AEE3}"
EndProject
Project("{9A19103F-16F7-4668-BE54-9A1E7A4F7556}") = "Features.Tests", "01 - Testes de Unidade\Features.Tests\Features.Tests.csproj", "{65EEF393-1CB8-4177-9A23-8D1BCE43C4CC}"
EndProject
Project("{2150E333-8FDC-42A3-9474-1A3956D46DE8}") = "02 - TDD", "02 - TDD", "{CE9FE73D-B063-478E-AEE6-C43C36EC42BF}"
EndProject
Project("{2150E333-8FDC-42A3-9474-1A3956D46DE8}") = "Tests", "Tests", "{5EE0C3FD-0AD5-431C-BB00-1C28866DD969}"
EndProject
Project("{9A19103F-16F7-4668-BE54-9A1E7A4F7556}") = "NerdStore.Vendas.Application.Tests", "02 - TDD\tests\NerdStore.Vendas.Application.Tests\NerdStore.Vendas.Application.Tests.csproj", "{9A01F668-3ED0-410D-BA4B-267F7E056E3C}"
EndProject
Project("{9A19103F-16F7-4668-BE54-9A1E7A4F7556}") = "NerdStore.Vendas.Domain", "02 - TDD\src\NerdStore.Vendas.Domain\NerdStore.Vendas.Domain.csproj", "{3C5EC292-876A-42EB-83F0-CDA17CEF0603}"
EndProject
Project("{9A19103F-16F7-4668-BE54-9A1E7A4F7556}") = "NerdStore.Vendas.Domain.Tests", "02 - TDD\tests\NerdStore.Vendas.Domain.Tests\NerdStore.Vendas.Domain.Tests.csproj", "{BD598DCA-2308-4984-AD5C-3EFB60ED5B8F}"
EndProject
Project("{9A19103F-16F7-4668-BE54-9A1E7A4F7556}") = "NerdStore.Core", "02 - TDD\src\NerdStore.Core\NerdStore.Core.csproj", "{9CB1F576-5810-4E17-A0A8-1293B50086E9}"
EndProject
Project("{9A19103F-16F7-4668-BE54-9A1E7A4F7556}") = "NerdStore.Vendas.Application", "02 - TDD\src\NerdStore.Vendas.Application\NerdStore.Vendas.Application.csproj", "{4CDA9F97-A79F-4E8C-9074-161E08D3E6D2}"
EndProject
Project("{9A19103F-16F7-4668-BE54-9A1E7A4F7556}") = "NerdStore.Vendas.Data", "02 - TDD\src\NerdStore.Vendas.Data\NerdStore.Vendas.Data.csproj", "{6DE5D229-A875-457B-BF6D-C1D8731D44B7}"
EndProject
Project("{2150E333-8FDC-42A3-9474-1A3956D46DE8}") = "04 - BDD", "04 - BDD", "{F6AF06BD-5052-476F-9DC7-A52B98454593}"
EndProject
Project("{FAE04EC0-301F-11D3-BF4B-00C04F79EFBC}") = "NerdStore.BDD.Tests", "04 - BDD\NerdStore.BDD.Tests\NerdStore.BDD.Tests.csproj", "{0AAA9D4D-32BB-480C-BFE2-297F9E8A160B}"
EndProject
Global
	GlobalSection(SolutionConfigurationPlatforms) = preSolution
		Debug|Any CPU = Debug|Any CPU
		Release|Any CPU = Release|Any CPU
	EndGlobalSection
	GlobalSection(ProjectConfigurationPlatforms) = postSolution
		{C316D31E-B7E5-436A-AAD8-7A8D6E83B17B}.Debug|Any CPU.ActiveCfg = Debug|Any CPU
		{C316D31E-B7E5-436A-AAD8-7A8D6E83B17B}.Debug|Any CPU.Build.0 = Debug|Any CPU
		{C316D31E-B7E5-436A-AAD8-7A8D6E83B17B}.Release|Any CPU.ActiveCfg = Release|Any CPU
		{C316D31E-B7E5-436A-AAD8-7A8D6E83B17B}.Release|Any CPU.Build.0 = Release|Any CPU
		{86A10DF9-1730-4B6E-B696-F086A4AE2543}.Debug|Any CPU.ActiveCfg = Debug|Any CPU
		{86A10DF9-1730-4B6E-B696-F086A4AE2543}.Debug|Any CPU.Build.0 = Debug|Any CPU
		{86A10DF9-1730-4B6E-B696-F086A4AE2543}.Release|Any CPU.ActiveCfg = Release|Any CPU
		{86A10DF9-1730-4B6E-B696-F086A4AE2543}.Release|Any CPU.Build.0 = Release|Any CPU
		{A7F7714D-C391-40EF-9350-DFFF1C61AEE3}.Debug|Any CPU.ActiveCfg = Debug|Any CPU
		{A7F7714D-C391-40EF-9350-DFFF1C61AEE3}.Debug|Any CPU.Build.0 = Debug|Any CPU
		{A7F7714D-C391-40EF-9350-DFFF1C61AEE3}.Release|Any CPU.ActiveCfg = Release|Any CPU
		{A7F7714D-C391-40EF-9350-DFFF1C61AEE3}.Release|Any CPU.Build.0 = Release|Any CPU
		{65EEF393-1CB8-4177-9A23-8D1BCE43C4CC}.Debug|Any CPU.ActiveCfg = Debug|Any CPU
		{65EEF393-1CB8-4177-9A23-8D1BCE43C4CC}.Debug|Any CPU.Build.0 = Debug|Any CPU
		{65EEF393-1CB8-4177-9A23-8D1BCE43C4CC}.Release|Any CPU.ActiveCfg = Release|Any CPU
		{65EEF393-1CB8-4177-9A23-8D1BCE43C4CC}.Release|Any CPU.Build.0 = Release|Any CPU
		{9A01F668-3ED0-410D-BA4B-267F7E056E3C}.Debug|Any CPU.ActiveCfg = Debug|Any CPU
		{9A01F668-3ED0-410D-BA4B-267F7E056E3C}.Debug|Any CPU.Build.0 = Debug|Any CPU
		{9A01F668-3ED0-410D-BA4B-267F7E056E3C}.Release|Any CPU.ActiveCfg = Release|Any CPU
		{9A01F668-3ED0-410D-BA4B-267F7E056E3C}.Release|Any CPU.Build.0 = Release|Any CPU
		{3C5EC292-876A-42EB-83F0-CDA17CEF0603}.Debug|Any CPU.ActiveCfg = Debug|Any CPU
		{3C5EC292-876A-42EB-83F0-CDA17CEF0603}.Debug|Any CPU.Build.0 = Debug|Any CPU
		{3C5EC292-876A-42EB-83F0-CDA17CEF0603}.Release|Any CPU.ActiveCfg = Release|Any CPU
		{3C5EC292-876A-42EB-83F0-CDA17CEF0603}.Release|Any CPU.Build.0 = Release|Any CPU
		{BD598DCA-2308-4984-AD5C-3EFB60ED5B8F}.Debug|Any CPU.ActiveCfg = Debug|Any CPU
		{BD598DCA-2308-4984-AD5C-3EFB60ED5B8F}.Debug|Any CPU.Build.0 = Debug|Any CPU
		{BD598DCA-2308-4984-AD5C-3EFB60ED5B8F}.Release|Any CPU.ActiveCfg = Release|Any CPU
		{BD598DCA-2308-4984-AD5C-3EFB60ED5B8F}.Release|Any CPU.Build.0 = Release|Any CPU
		{9CB1F576-5810-4E17-A0A8-1293B50086E9}.Debug|Any CPU.ActiveCfg = Debug|Any CPU
		{9CB1F576-5810-4E17-A0A8-1293B50086E9}.Debug|Any CPU.Build.0 = Debug|Any CPU
		{9CB1F576-5810-4E17-A0A8-1293B50086E9}.Release|Any CPU.ActiveCfg = Release|Any CPU
		{9CB1F576-5810-4E17-A0A8-1293B50086E9}.Release|Any CPU.Build.0 = Release|Any CPU
		{4CDA9F97-A79F-4E8C-9074-161E08D3E6D2}.Debug|Any CPU.ActiveCfg = Debug|Any CPU
		{4CDA9F97-A79F-4E8C-9074-161E08D3E6D2}.Debug|Any CPU.Build.0 = Debug|Any CPU
		{4CDA9F97-A79F-4E8C-9074-161E08D3E6D2}.Release|Any CPU.ActiveCfg = Release|Any CPU
		{4CDA9F97-A79F-4E8C-9074-161E08D3E6D2}.Release|Any CPU.Build.0 = Release|Any CPU
		{6DE5D229-A875-457B-BF6D-C1D8731D44B7}.Debug|Any CPU.ActiveCfg = Debug|Any CPU
		{6DE5D229-A875-457B-BF6D-C1D8731D44B7}.Debug|Any CPU.Build.0 = Debug|Any CPU
		{6DE5D229-A875-457B-BF6D-C1D8731D44B7}.Release|Any CPU.ActiveCfg = Release|Any CPU
		{6DE5D229-A875-457B-BF6D-C1D8731D44B7}.Release|Any CPU.Build.0 = Release|Any CPU
		{0AAA9D4D-32BB-480C-BFE2-297F9E8A160B}.Debug|Any CPU.ActiveCfg = Debug|Any CPU
		{0AAA9D4D-32BB-480C-BFE2-297F9E8A160B}.Debug|Any CPU.Build.0 = Debug|Any CPU
		{0AAA9D4D-32BB-480C-BFE2-297F9E8A160B}.Release|Any CPU.ActiveCfg = Release|Any CPU
		{0AAA9D4D-32BB-480C-BFE2-297F9E8A160B}.Release|Any CPU.Build.0 = Release|Any CPU
	EndGlobalSection
	GlobalSection(SolutionProperties) = preSolution
		HideSolutionNode = FALSE
	EndGlobalSection
	GlobalSection(NestedProjects) = preSolution
		{0B1ED3D3-2578-4AD8-8B1D-8B796DCC81A5} = {4BBCA9D9-58E2-4D03-90FB-1DE50ADE088F}
		{C316D31E-B7E5-436A-AAD8-7A8D6E83B17B} = {0B1ED3D3-2578-4AD8-8B1D-8B796DCC81A5}
		{86A10DF9-1730-4B6E-B696-F086A4AE2543} = {0B1ED3D3-2578-4AD8-8B1D-8B796DCC81A5}
		{CD9C592B-DA56-42D4-9C54-1A4681A038ED} = {4BBCA9D9-58E2-4D03-90FB-1DE50ADE088F}
		{A7F7714D-C391-40EF-9350-DFFF1C61AEE3} = {CD9C592B-DA56-42D4-9C54-1A4681A038ED}
		{65EEF393-1CB8-4177-9A23-8D1BCE43C4CC} = {CD9C592B-DA56-42D4-9C54-1A4681A038ED}
		{5EE0C3FD-0AD5-431C-BB00-1C28866DD969} = {CE9FE73D-B063-478E-AEE6-C43C36EC42BF}
		{9A01F668-3ED0-410D-BA4B-267F7E056E3C} = {5EE0C3FD-0AD5-431C-BB00-1C28866DD969}
		{3C5EC292-876A-42EB-83F0-CDA17CEF0603} = {CE9FE73D-B063-478E-AEE6-C43C36EC42BF}
		{BD598DCA-2308-4984-AD5C-3EFB60ED5B8F} = {5EE0C3FD-0AD5-431C-BB00-1C28866DD969}
		{9CB1F576-5810-4E17-A0A8-1293B50086E9} = {CE9FE73D-B063-478E-AEE6-C43C36EC42BF}
		{4CDA9F97-A79F-4E8C-9074-161E08D3E6D2} = {CE9FE73D-B063-478E-AEE6-C43C36EC42BF}
		{6DE5D229-A875-457B-BF6D-C1D8731D44B7} = {CE9FE73D-B063-478E-AEE6-C43C36EC42BF}
		{0AAA9D4D-32BB-480C-BFE2-297F9E8A160B} = {F6AF06BD-5052-476F-9DC7-A52B98454593}
	EndGlobalSection
	GlobalSection(ExtensibilityGlobals) = postSolution
		SolutionGuid = {D27BDFE8-AF74-4FB4-B3F6-A4375066C67F}
	EndGlobalSection
EndGlobal
